
Microsoft Visual Studio Solution File, Format Version 12.00
# Visual Studio Version 17
VisualStudioVersion = 17.5.33530.505
MinimumVisualStudioVersion = 10.0.40219.1
Project("{FAE04EC0-301F-11D3-BF4B-00C04F79EFBC}") = "Calculator", "Calculator\Calculator.csproj", "{B61627C2-E07F-410E-880F-7610C12FF5FF}"
EndProject
Global
	GlobalSection(SolutionConfigurationPlatforms) = preSolution
		Debug|Any CPU = Debug|Any CPU
		Release|Any CPU = Release|Any CPU
	EndGlobalSection
	GlobalSection(ProjectConfigurationPlatforms) = postSolution
		{B61627C2-E07F-410E-880F-7610C12FF5FF}.Debug|Any CPU.ActiveCfg = Debug|Any CPU
		{B61627C2-E07F-410E-880F-7610C12FF5FF}.Debug|Any CPU.Build.0 = Debug|Any CPU
		{B61627C2-E07F-410E-880F-7610C12FF5FF}.Release|Any CPU.ActiveCfg = Release|Any CPU
		{B61627C2-E07F-410E-880F-7610C12FF5FF}.Release|Any CPU.Build.0 = Release|Any CPU
	EndGlobalSection
	GlobalSection(SolutionProperties) = preSolution
		HideSolutionNode = FALSE
	EndGlobalSection
	GlobalSection(ExtensibilityGlobals) = postSolution
		SolutionGuid = {D0753666-F5EA-47F6-81C5-5F5643E7BEEE}
	EndGlobalSection
EndGlobal
